{
  "name": "@simple-monorepo/subpackage-a",
  "lockfileVersion": 3,
  "requires": true,
  "packages": {
    "": {
      "name": "@simple-monorepo/subpackage-a",
      "dependencies": {
        "@simple-monorepo/subpackage-a": "file:"
      }
    },
    "node_modules/@simple-monorepo/subpackage-a": {
      "resolved": "",
      "link": true
    }
  }
}
