{
  "name": "@multiple-workspace-dir-monorepo/app-a",
  "lockfileVersion": 3,
  "requires": true,
  "packages": {
    "": {
      "name": "@multiple-workspace-dir-monorepo/app-a",
      "dependencies": {
        "@multiple-workspace-dir-monorepo/app-a": "file:"
      }
    },
    "node_modules/@multiple-workspace-dir-monorepo/app-a": {
      "resolved": "",
      "link": true
    }
  }
}
