{
  "name": "multiple-workspace-dir-monorepo",
  "lockfileVersion": 3,
  "requires": true,
  "packages": {
    "": {
      "name": "multiple-workspace-dir-monorepo",
      "workspaces": [
        "packages/*",
        "apps/*"
      ],
      "dependencies": {
        "multiple-workspace-dir-monorepo": "file:"
      }
    },
    "apps/app-a": {
      "name": "@multiple-workspace-dir-monorepo/app-a"
    },
    "apps/app-b": {
      "name": "@multiple-workspace-dir-monorepo/app-b"
    },
    "node_modules/@multiple-workspace-dir-monorepo/app-a": {
      "resolved": "apps/app-a",
      "link": true
    },
    "node_modules/@multiple-workspace-dir-monorepo/app-b": {
      "resolved": "apps/app-b",
      "link": true
    },
    "node_modules/@multiple-workspace-dir-monorepo/subpackage-a": {
      "resolved": "packages/subpackage-a",
      "link": true
    },
    "node_modules/@multiple-workspace-dir-monorepo/subpackage-b": {
      "resolved": "packages/subpackage-b",
      "link": true
    },
    "node_modules/multiple-workspace-dir-monorepo": {
      "resolved": "",
      "link": true
    },
    "packages/subpackage-a": {
      "name": "@multiple-workspace-dir-monorepo/subpackage-a"
    },
    "packages/subpackage-b": {
      "name": "@multiple-workspace-dir-monorepo/subpackage-b"
    }
  }
}
