{
  "name": "@monorepo-with-deps/subpackage-c",
  "lockfileVersion": 3,
  "requires": true,
  "packages": {
    "": {
      "name": "@monorepo-with-deps/subpackage-c",
      "dependencies": {
        "@monorepo-with-deps/subpackage-c": "file:"
      }
    },
    "node_modules/@monorepo-with-deps/subpackage-c": {
      "resolved": "",
      "link": true
    }
  }
}
